
Microsoft Visual Studio Solution File, Format Version 12.00
# Visual Studio Version 16
VisualStudioVersion = 16.0.30011.22
MinimumVisualStudioVersion = 10.0.40219.1
Project("{FAE04EC0-301F-11D3-BF4B-00C04F79EFBC}") = "SimpleClassConsole", "SimpleClassConsole.csproj", "{D25D8D72-7B8E-4E55-87B7-FE60EFC5F3C0}"
EndProject
Global
	GlobalSection(SolutionConfigurationPlatforms) = preSolution
		Debug|Any CPU = Debug|Any CPU
		Release|Any CPU = Release|Any CPU
	EndGlobalSection
	GlobalSection(ProjectConfigurationPlatforms) = postSolution
		{D25D8D72-7B8E-4E55-87B7-FE60EFC5F3C0}.Debug|Any CPU.ActiveCfg = Debug|Any CPU
		{D25D8D72-7B8E-4E55-87B7-FE60EFC5F3C0}.Debug|Any CPU.Build.0 = Debug|Any CPU
		{D25D8D72-7B8E-4E55-87B7-FE60EFC5F3C0}.Release|Any CPU.ActiveCfg = Release|Any CPU
		{D25D8D72-7B8E-4E55-87B7-FE60EFC5F3C0}.Release|Any CPU.Build.0 = Release|Any CPU
	EndGlobalSection
	GlobalSection(SolutionProperties) = preSolution
		HideSolutionNode = FALSE
	EndGlobalSection
	GlobalSection(ExtensibilityGlobals) = postSolution
		SolutionGuid = {3DE522F8-4342-4A8F-8092-06C052E7C24C}
	EndGlobalSection
EndGlobal
